
Microsoft Visual Studio Solution File, Format Version 12.00
# Visual Studio Version 17
VisualStudioVersion = 17.5.33424.131
MinimumVisualStudioVersion = 10.0.40219.1
Project("{FAE04EC0-301F-11D3-BF4B-00C04F79EFBC}") = "Video Sare", "Video Sare\Video Sare.csproj", "{4FAEB407-D323-4EBC-9EB6-0B0FB78E08E1}"
EndProject
Global
	GlobalSection(SolutionConfigurationPlatforms) = preSolution
		Debug|Any CPU = Debug|Any CPU
		Release|Any CPU = Release|Any CPU
	EndGlobalSection
	GlobalSection(ProjectConfigurationPlatforms) = postSolution
		{4FAEB407-D323-4EBC-9EB6-0B0FB78E08E1}.Debug|Any CPU.ActiveCfg = Debug|Any CPU
		{4FAEB407-D323-4EBC-9EB6-0B0FB78E08E1}.Debug|Any CPU.Build.0 = Debug|Any CPU
		{4FAEB407-D323-4EBC-9EB6-0B0FB78E08E1}.Release|Any CPU.ActiveCfg = Release|Any CPU
		{4FAEB407-D323-4EBC-9EB6-0B0FB78E08E1}.Release|Any CPU.Build.0 = Release|Any CPU
	EndGlobalSection
	GlobalSection(SolutionProperties) = preSolution
		HideSolutionNode = FALSE
	EndGlobalSection
	GlobalSection(ExtensibilityGlobals) = postSolution
		SolutionGuid = {E0C4055E-558D-4F9C-BCF1-23E6BBEA613C}
	EndGlobalSection
EndGlobal
